
Microsoft Visual Studio Solution File, Format Version 12.00
# Visual Studio 2013
VisualStudioVersion = 12.0.21005.1
MinimumVisualStudioVersion = 10.0.40219.1
Project("{2150E333-8FDC-42A3-9474-1A3956D46DE8}") = "src", "src", "{0CD943B7-DF8C-444B-A341-93894542B8CF}"
EndProject
Project("{2150E333-8FDC-42A3-9474-1A3956D46DE8}") = "tests", "tests", "{9B597CC9-7726-4D9D-A79F-78B5254B0C97}"
EndProject
Project("{FAE04EC0-301F-11D3-BF4B-00C04F79EFBC}") = "OSharp.Utility", "src\OSharp.Utility\OSharp.Utility.csproj", "{946E0A0A-8280-46B3-893E-1B00A554CCAB}"
EndProject
Project("{FAE04EC0-301F-11D3-BF4B-00C04F79EFBC}") = "OSharp.Web.NET45", "src\OSharp.Web\OSharp.Web.NET45.csproj", "{D2AC8387-FC21-4E8E-810B-C0A637D44222}"
EndProject
Project("{2150E333-8FDC-42A3-9474-1A3956D46DE8}") = "NET40", "NET40", "{875020AE-A401-4A79-97FD-27817A59EE12}"
EndProject
Project("{FAE04EC0-301F-11D3-BF4B-00C04F79EFBC}") = "OSharp.Web.NET40", "src\OSharp.Web\OSharp.Web.NET40.csproj", "{C1192CE1-AEFF-454A-963F-A0C5EC10089E}"
EndProject
Project("{FAE04EC0-301F-11D3-BF4B-00C04F79EFBC}") = "OSharp.Web.Client", "src\OSharp.Web\OSharp.Web.Client.csproj", "{C925C08F-2E11-45EA-BA85-BBF90F17F886}"
EndProject
Project("{FAE04EC0-301F-11D3-BF4B-00C04F79EFBC}") = "OSharp.Core.NET45", "src\OSharp.Core\OSharp.Core.NET45.csproj", "{F7C67C95-FACB-4160-9A88-CB738E65E034}"
EndProject
Project("{FAE04EC0-301F-11D3-BF4B-00C04F79EFBC}") = "OSharp.Core.Data.Entity.NET45", "src\OSharp.Core.Data.Entity\OSharp.Core.Data.Entity.NET45.csproj", "{D58A373C-1A9C-4BF7-833D-427E4AEF8502}"
EndProject
Project("{FAE04EC0-301F-11D3-BF4B-00C04F79EFBC}") = "OSharp.Core.Data.Entity.NET40", "src\OSharp.Core.Data.Entity\OSharp.Core.Data.Entity.NET40.csproj", "{454FA3C0-3DBC-4C0B-A58B-DF115405E2D0}"
EndProject
Project("{FAE04EC0-301F-11D3-BF4B-00C04F79EFBC}") = "OSharp.Core.NET40", "src\OSharp.Core\OSharp.Core.NET40.csproj", "{C30E514D-70E9-4E36-9A6D-1FA970898A61}"
EndProject
Project("{FAE04EC0-301F-11D3-BF4B-00C04F79EFBC}") = "OSharp.UnitTest.Infrastructure", "tests\OSharp.UnitTest.Infrastructure\OSharp.UnitTest.Infrastructure.csproj", "{F22F76D3-32A2-43E2-A8A6-910BA8F3B877}"
EndProject
Project("{FAE04EC0-301F-11D3-BF4B-00C04F79EFBC}") = "OSharp.Utility.Tests", "tests\OSharp.Utility.Tests\OSharp.Utility.Tests.csproj", "{4ADB8868-99C0-4AAB-BD6D-FFFF30D957EC}"
EndProject
Project("{2150E333-8FDC-42A3-9474-1A3956D46DE8}") = "samples", "samples", "{2DFA1EE8-C9D7-4A06-8490-C49EC170FE9F}"
EndProject
Project("{FAE04EC0-301F-11D3-BF4B-00C04F79EFBC}") = "OSharp.Demo.Web", "samples\OSharp.Demo.Web\OSharp.Demo.Web.csproj", "{9FD5C648-E310-41F2-A905-517514E9E4E2}"
EndProject
Project("{2150E333-8FDC-42A3-9474-1A3956D46DE8}") = "docs", "docs", "{95964771-8E61-477C-9361-AD569DCE74BA}"
	ProjectSection(SolutionItems) = preProject
		docs\OSharp开发框架架构示图.png = docs\OSharp开发框架架构示图.png
		docs\OSharp开发框架架构示图.vsd = docs\OSharp开发框架架构示图.vsd
		docs\日志模块示图.vsd = docs\日志模块示图.vsd
	EndProjectSection
EndProject
Project("{2150E333-8FDC-42A3-9474-1A3956D46DE8}") = ".nuget", ".nuget", "{A7EB79BC-6AFA-4299-9E53-A7F5436E651D}"
	ProjectSection(SolutionItems) = preProject
		.nuget\NuGet.Config = .nuget\NuGet.Config
		.nuget\NuGet.exe = .nuget\NuGet.exe
		.nuget\NuGet.targets = .nuget\NuGet.targets
	EndProjectSection
EndProject
Project("{FAE04EC0-301F-11D3-BF4B-00C04F79EFBC}") = "OSharp.Demo.Contracts", "samples\OSharp.Demo.Contracts\OSharp.Demo.Contracts.csproj", "{2E6D22C7-37D5-4F1F-8D3E-2BCBD8F71B88}"
EndProject
Project("{FAE04EC0-301F-11D3-BF4B-00C04F79EFBC}") = "OSharp.Demo.Services", "samples\OSharp.Demo.Services\OSharp.Demo.Services.csproj", "{7D538B40-8C72-42FF-BDC6-135F22230EEE}"
EndProject
Project("{FAE04EC0-301F-11D3-BF4B-00C04F79EFBC}") = "OSharp.Demo.Consoles", "samples\OSharp.Demo.Consoles\OSharp.Demo.Consoles.csproj", "{40B1620B-9248-4965-AB4A-4DE71B1BFC5F}"
EndProject
Global
	GlobalSection(SolutionConfigurationPlatforms) = preSolution
		Debug|Any CPU = Debug|Any CPU
		Release|Any CPU = Release|Any CPU
	EndGlobalSection
	GlobalSection(ProjectConfigurationPlatforms) = postSolution
		{946E0A0A-8280-46B3-893E-1B00A554CCAB}.Debug|Any CPU.ActiveCfg = Debug|Any CPU
		{946E0A0A-8280-46B3-893E-1B00A554CCAB}.Debug|Any CPU.Build.0 = Debug|Any CPU
		{946E0A0A-8280-46B3-893E-1B00A554CCAB}.Release|Any CPU.ActiveCfg = Release|Any CPU
		{946E0A0A-8280-46B3-893E-1B00A554CCAB}.Release|Any CPU.Build.0 = Release|Any CPU
		{D2AC8387-FC21-4E8E-810B-C0A637D44222}.Debug|Any CPU.ActiveCfg = Debug|Any CPU
		{D2AC8387-FC21-4E8E-810B-C0A637D44222}.Debug|Any CPU.Build.0 = Debug|Any CPU
		{D2AC8387-FC21-4E8E-810B-C0A637D44222}.Release|Any CPU.ActiveCfg = Release|Any CPU
		{D2AC8387-FC21-4E8E-810B-C0A637D44222}.Release|Any CPU.Build.0 = Release|Any CPU
		{C1192CE1-AEFF-454A-963F-A0C5EC10089E}.Debug|Any CPU.ActiveCfg = Debug|Any CPU
		{C1192CE1-AEFF-454A-963F-A0C5EC10089E}.Debug|Any CPU.Build.0 = Debug|Any CPU
		{C1192CE1-AEFF-454A-963F-A0C5EC10089E}.Release|Any CPU.ActiveCfg = Release|Any CPU
		{C1192CE1-AEFF-454A-963F-A0C5EC10089E}.Release|Any CPU.Build.0 = Release|Any CPU
		{C925C08F-2E11-45EA-BA85-BBF90F17F886}.Debug|Any CPU.ActiveCfg = Debug|Any CPU
		{C925C08F-2E11-45EA-BA85-BBF90F17F886}.Debug|Any CPU.Build.0 = Debug|Any CPU
		{C925C08F-2E11-45EA-BA85-BBF90F17F886}.Release|Any CPU.ActiveCfg = Release|Any CPU
		{C925C08F-2E11-45EA-BA85-BBF90F17F886}.Release|Any CPU.Build.0 = Release|Any CPU
		{F7C67C95-FACB-4160-9A88-CB738E65E034}.Debug|Any CPU.ActiveCfg = Debug|Any CPU
		{F7C67C95-FACB-4160-9A88-CB738E65E034}.Debug|Any CPU.Build.0 = Debug|Any CPU
		{F7C67C95-FACB-4160-9A88-CB738E65E034}.Release|Any CPU.ActiveCfg = Release|Any CPU
		{F7C67C95-FACB-4160-9A88-CB738E65E034}.Release|Any CPU.Build.0 = Release|Any CPU
		{D58A373C-1A9C-4BF7-833D-427E4AEF8502}.Debug|Any CPU.ActiveCfg = Debug|Any CPU
		{D58A373C-1A9C-4BF7-833D-427E4AEF8502}.Debug|Any CPU.Build.0 = Debug|Any CPU
		{D58A373C-1A9C-4BF7-833D-427E4AEF8502}.Release|Any CPU.ActiveCfg = Release|Any CPU
		{D58A373C-1A9C-4BF7-833D-427E4AEF8502}.Release|Any CPU.Build.0 = Release|Any CPU
		{454FA3C0-3DBC-4C0B-A58B-DF115405E2D0}.Debug|Any CPU.ActiveCfg = Debug|Any CPU
		{454FA3C0-3DBC-4C0B-A58B-DF115405E2D0}.Debug|Any CPU.Build.0 = Debug|Any CPU
		{454FA3C0-3DBC-4C0B-A58B-DF115405E2D0}.Release|Any CPU.ActiveCfg = Release|Any CPU
		{454FA3C0-3DBC-4C0B-A58B-DF115405E2D0}.Release|Any CPU.Build.0 = Release|Any CPU
		{C30E514D-70E9-4E36-9A6D-1FA970898A61}.Debug|Any CPU.ActiveCfg = Debug|Any CPU
		{C30E514D-70E9-4E36-9A6D-1FA970898A61}.Debug|Any CPU.Build.0 = Debug|Any CPU
		{C30E514D-70E9-4E36-9A6D-1FA970898A61}.Release|Any CPU.ActiveCfg = Release|Any CPU
		{C30E514D-70E9-4E36-9A6D-1FA970898A61}.Release|Any CPU.Build.0 = Release|Any CPU
		{F22F76D3-32A2-43E2-A8A6-910BA8F3B877}.Debug|Any CPU.ActiveCfg = Debug|Any CPU
		{F22F76D3-32A2-43E2-A8A6-910BA8F3B877}.Debug|Any CPU.Build.0 = Debug|Any CPU
		{F22F76D3-32A2-43E2-A8A6-910BA8F3B877}.Release|Any CPU.ActiveCfg = Release|Any CPU
		{F22F76D3-32A2-43E2-A8A6-910BA8F3B877}.Release|Any CPU.Build.0 = Release|Any CPU
		{4ADB8868-99C0-4AAB-BD6D-FFFF30D957EC}.Debug|Any CPU.ActiveCfg = Debug|Any CPU
		{4ADB8868-99C0-4AAB-BD6D-FFFF30D957EC}.Debug|Any CPU.Build.0 = Debug|Any CPU
		{4ADB8868-99C0-4AAB-BD6D-FFFF30D957EC}.Release|Any CPU.ActiveCfg = Release|Any CPU
		{4ADB8868-99C0-4AAB-BD6D-FFFF30D957EC}.Release|Any CPU.Build.0 = Release|Any CPU
		{9FD5C648-E310-41F2-A905-517514E9E4E2}.Debug|Any CPU.ActiveCfg = Debug|Any CPU
		{9FD5C648-E310-41F2-A905-517514E9E4E2}.Debug|Any CPU.Build.0 = Debug|Any CPU
		{9FD5C648-E310-41F2-A905-517514E9E4E2}.Release|Any CPU.ActiveCfg = Release|Any CPU
		{9FD5C648-E310-41F2-A905-517514E9E4E2}.Release|Any CPU.Build.0 = Release|Any CPU
		{2E6D22C7-37D5-4F1F-8D3E-2BCBD8F71B88}.Debug|Any CPU.ActiveCfg = Debug|Any CPU
		{2E6D22C7-37D5-4F1F-8D3E-2BCBD8F71B88}.Debug|Any CPU.Build.0 = Debug|Any CPU
		{2E6D22C7-37D5-4F1F-8D3E-2BCBD8F71B88}.Release|Any CPU.ActiveCfg = Release|Any CPU
		{2E6D22C7-37D5-4F1F-8D3E-2BCBD8F71B88}.Release|Any CPU.Build.0 = Release|Any CPU
		{7D538B40-8C72-42FF-BDC6-135F22230EEE}.Debug|Any CPU.ActiveCfg = Debug|Any CPU
		{7D538B40-8C72-42FF-BDC6-135F22230EEE}.Debug|Any CPU.Build.0 = Debug|Any CPU
		{7D538B40-8C72-42FF-BDC6-135F22230EEE}.Release|Any CPU.ActiveCfg = Release|Any CPU
		{7D538B40-8C72-42FF-BDC6-135F22230EEE}.Release|Any CPU.Build.0 = Release|Any CPU
		{40B1620B-9248-4965-AB4A-4DE71B1BFC5F}.Debug|Any CPU.ActiveCfg = Debug|Any CPU
		{40B1620B-9248-4965-AB4A-4DE71B1BFC5F}.Debug|Any CPU.Build.0 = Debug|Any CPU
		{40B1620B-9248-4965-AB4A-4DE71B1BFC5F}.Release|Any CPU.ActiveCfg = Release|Any CPU
		{40B1620B-9248-4965-AB4A-4DE71B1BFC5F}.Release|Any CPU.Build.0 = Release|Any CPU
	EndGlobalSection
	GlobalSection(SolutionProperties) = preSolution
		HideSolutionNode = FALSE
	EndGlobalSection
	GlobalSection(NestedProjects) = preSolution
		{946E0A0A-8280-46B3-893E-1B00A554CCAB} = {0CD943B7-DF8C-444B-A341-93894542B8CF}
		{D2AC8387-FC21-4E8E-810B-C0A637D44222} = {0CD943B7-DF8C-444B-A341-93894542B8CF}
		{875020AE-A401-4A79-97FD-27817A59EE12} = {0CD943B7-DF8C-444B-A341-93894542B8CF}
		{F7C67C95-FACB-4160-9A88-CB738E65E034} = {0CD943B7-DF8C-444B-A341-93894542B8CF}
		{D58A373C-1A9C-4BF7-833D-427E4AEF8502} = {0CD943B7-DF8C-444B-A341-93894542B8CF}
		{F22F76D3-32A2-43E2-A8A6-910BA8F3B877} = {9B597CC9-7726-4D9D-A79F-78B5254B0C97}
		{4ADB8868-99C0-4AAB-BD6D-FFFF30D957EC} = {9B597CC9-7726-4D9D-A79F-78B5254B0C97}
		{C1192CE1-AEFF-454A-963F-A0C5EC10089E} = {875020AE-A401-4A79-97FD-27817A59EE12}
		{C925C08F-2E11-45EA-BA85-BBF90F17F886} = {875020AE-A401-4A79-97FD-27817A59EE12}
		{454FA3C0-3DBC-4C0B-A58B-DF115405E2D0} = {875020AE-A401-4A79-97FD-27817A59EE12}
		{C30E514D-70E9-4E36-9A6D-1FA970898A61} = {875020AE-A401-4A79-97FD-27817A59EE12}
		{9FD5C648-E310-41F2-A905-517514E9E4E2} = {2DFA1EE8-C9D7-4A06-8490-C49EC170FE9F}
		{2E6D22C7-37D5-4F1F-8D3E-2BCBD8F71B88} = {2DFA1EE8-C9D7-4A06-8490-C49EC170FE9F}
		{7D538B40-8C72-42FF-BDC6-135F22230EEE} = {2DFA1EE8-C9D7-4A06-8490-C49EC170FE9F}
		{40B1620B-9248-4965-AB4A-4DE71B1BFC5F} = {2DFA1EE8-C9D7-4A06-8490-C49EC170FE9F}
	EndGlobalSection
EndGlobal
